lockfileVersion: 5.4

specifiers:
  axios: ^0.27.2
  fast-astar: ^1.0.6
  jsdom: ^20.0.0
  juejin-helper: 1.6.0
  nodemailer: ^6.7.0

dependencies:
  axios: registry.npmmirror.com/axios/0.27.2
  fast-astar: registry.npmmirror.com/fast-astar/1.0.6
  jsdom: registry.npmmirror.com/jsdom/20.0.0
  juejin-helper: registry.npmmirror.com/juejin-helper/1.6.0
  nodemailer: registry.npmmirror.com/nodemailer/6.7.7

packages:

  registry.npmmirror.com/@tootallnate/once/2.0.0:
    resolution: {integrity: sha512-XCuKFP5PS55gnMVu3dty8KPatLqUoy/ZYzDzAGCQ8JNFCkLXzmI7vNHCR+XpbZaMWQK/vQubr7PkYq8g470J/A==, registry: http://registry.npm.taobao.org/, tarball: https://registry.npmmirror.com/@tootallnate/once/-/once-2.0.0.tgz}
    name: '@tootallnate/once'
    version: 2.0.0
    engines: {node: '>= 10'}
    dev: false

  registry.npmmirror.com/abab/2.0.6:
    resolution: {integrity: sha512-j2afSsaIENvHZN2B8GOpF566vZ5WVk5opAiMTvWgaQT8DkbOqsTfvNAvHoRGU2zzP8cPoqys+xHTRDWW8L+/BA==, registry: http://registry.npm.taobao.org/, tarball: https://registry.npmmirror.com/abab/-/abab-2.0.6.tgz}
    name: abab
    version: 2.0.6
    dev: false

  registry.npmmirror.com/acorn-globals/6.0.0:
    resolution: {integrity: sha512-ZQl7LOWaF5ePqqcX4hLuv/bLXYQNfNWw2c0/yX/TsPRKamzHcTGQnlCjHT3TsmkOUVEPS3crCxiPfdzE/Trlhg==, registry: http://registry.npm.taobao.org/, tarball: https://registry.npmmirror.com/acorn-globals/-/acorn-globals-6.0.0.tgz}
    name: acorn-globals
    version: 6.0.0
    dependencies:
      acorn: registry.npmmirror.com/acorn/7.4.1
      acorn-walk: registry.npmmirror.com/acorn-walk/7.2.0
    dev: false

  registry.npmmirror.com/acorn-walk/7.2.0:
    resolution: {integrity: sha512-OPdCF6GsMIP+Az+aWfAAOEt2/+iVDKE7oy6lJ098aoe59oAmK76qV6Gw60SbZ8jHuG2wH058GF4pLFbYamYrVA==, registry: http://registry.npm.taobao.org/, tarball: https://registry.npmmirror.com/acorn-walk/-/acorn-walk-7.2.0.tgz}
    name: acorn-walk
    version: 7.2.0
    engines: {node: '>=0.4.0'}
    dev: false

  registry.npmmirror.com/acorn/7.4.1:
    resolution: {integrity: sha512-nQyp0o1/mNdbTO1PO6kHkwSrmgZ0MT/jCCpNiwbUjGoRN4dlBhqJtoQuCnEOKzgTVwg0ZWiCoQy6SxMebQVh8A==, registry: http://registry.npm.taobao.org/, tarball: https://registry.npmmirror.com/acorn/-/acorn-7.4.1.tgz}
    name: acorn
    version: 7.4.1
    engines: {node: '>=0.4.0'}
    hasBin: true
    dev: false

  registry.npmmirror.com/acorn/8.8.0:
    resolution: {integrity: sha512-QOxyigPVrpZ2GXT+PFyZTl6TtOFc5egxHIP9IlQ+RbupQuX4RkT/Bee4/kQuC02Xkzg84JcT7oLYtDIQxp+v7w==, registry: http://registry.npm.taobao.org/, tarball: https://registry.npmmirror.com/acorn/-/acorn-8.8.0.tgz}
    name: acorn
    version: 8.8.0
    engines: {node: '>=0.4.0'}
    hasBin: true
    dev: false

  registry.npmmirror.com/agent-base/6.0.2:
    resolution: {integrity: sha512-RZNwNclF7+MS/8bDg70amg32dyeZGZxiDuQmZxKLAlQjr3jGyLx+4Kkk58UO7D2QdgFIQCovuSuZESne6RG6XQ==, registry: http://registry.npm.taobao.org/, tarball: https://registry.npmmirror.com/agent-base/-/agent-base-6.0.2.tgz}
    name: agent-base
    version: 6.0.2
    engines: {node: '>= 6.0.0'}
    dependencies:
      debug: registry.npmmirror.com/debug/4.3.4
    transitivePeerDependencies:
      - supports-color
    dev: false

  registry.npmmirror.com/asynckit/0.4.0:
    resolution: {integrity: sha512-Oei9OH4tRh0YqU3GxhX79dM/mwVgvbZJaSNaRk+bshkj0S5cfHcgYakreBjrHwatXKbz+IoIdYLxrKim2MjW0Q==, registry: http://registry.npm.taobao.org/, tarball: https://registry.npmmirror.com/asynckit/-/asynckit-0.4.0.tgz}
    name: asynckit
    version: 0.4.0
    dev: false

  registry.npmmirror.com/axios/0.27.2:
    resolution: {integrity: sha512-t+yRIyySRTp/wua5xEr+z1q60QmLq8ABsS5O9Me1AsE5dfKqgnCFzwiCZZ/cGNd1lq4/7akDWMxdhVlucjmnOQ==, registry: http://registry.npm.taobao.org/, tarball: https://registry.npmmirror.com/axios/-/axios-0.27.2.tgz}
    name: axios
    version: 0.27.2
    dependencies:
      follow-redirects: registry.npmmirror.com/follow-redirects/1.15.1
      form-data: registry.npmmirror.com/form-data/4.0.0
    transitivePeerDependencies:
      - debug
    dev: false

  registry.npmmirror.com/browser-process-hrtime/1.0.0:
    resolution: {integrity: sha512-9o5UecI3GhkpM6DrXr69PblIuWxPKk9Y0jHBRhdocZ2y7YECBFCsHm79Pr3OyR2AvjhDkabFJaDJMYRazHgsow==, registry: http://registry.npm.taobao.org/, tarball: https://registry.npmmirror.com/browser-process-hrtime/-/browser-process-hrtime-1.0.0.tgz}
    name: browser-process-hrtime
    version: 1.0.0
    dev: false

  registry.npmmirror.com/buffer-equal-constant-time/1.0.1:
    resolution: {integrity: sha512-zRpUiDwd/xk6ADqPMATG8vc9VPrkck7T07OIx0gnjmJAnHnTVXNQG3vfvWNuiZIkwu9KrKdA1iJKfsfTVxE6NA==, registry: http://registry.npm.taobao.org/, tarball: https://registry.npmmirror.com/buffer-equal-constant-time/-/buffer-equal-constant-time-1.0.1.tgz}
    name: buffer-equal-constant-time
    version: 1.0.1
    dev: false

  registry.npmmirror.com/combined-stream/1.0.8:
    resolution: {integrity: sha512-FQN4MRfuJeHf7cBbBMJFXhKSDq+2kAArBlmRBvcvFE5BB1HZKXtSFASDhdlz9zOYwxh8lDdnvmMOe/+5cdoEdg==, registry: http://registry.npm.taobao.org/, tarball: https://registry.npmmirror.com/combined-stream/-/combined-stream-1.0.8.tgz}
    name: combined-stream
    version: 1.0.8
    engines: {node: '>= 0.8'}
    dependencies:
      delayed-stream: registry.npmmirror.com/delayed-stream/1.0.0
    dev: false

  registry.npmmirror.com/cssom/0.3.8:
    resolution: {integrity: sha512-b0tGHbfegbhPJpxpiBPU2sCkigAqtM9O121le6bbOlgyV+NyGyCmVfJ6QW9eRjz8CpNfWEOYBIMIGRYkLwsIYg==, registry: http://registry.npm.taobao.org/, tarball: https://registry.npmmirror.com/cssom/-/cssom-0.3.8.tgz}
    name: cssom
    version: 0.3.8
    dev: false

  registry.npmmirror.com/cssom/0.5.0:
    resolution: {integrity: sha512-iKuQcq+NdHqlAcwUY0o/HL69XQrUaQdMjmStJ8JFmUaiiQErlhrmuigkg/CU4E2J0IyUKUrMAgl36TvN67MqTw==, registry: http://registry.npm.taobao.org/, tarball: https://registry.npmmirror.com/cssom/-/cssom-0.5.0.tgz}
    name: cssom
    version: 0.5.0
    dev: false

  registry.npmmirror.com/cssstyle/2.3.0:
    resolution: {integrity: sha512-AZL67abkUzIuvcHqk7c09cezpGNcxUxU4Ioi/05xHk4DQeTkWmGYftIE6ctU6AEt+Gn4n1lDStOtj7FKycP71A==, registry: http://registry.npm.taobao.org/, tarball: https://registry.npmmirror.com/cssstyle/-/cssstyle-2.3.0.tgz}
    name: cssstyle
    version: 2.3.0
    engines: {node: '>=8'}
    dependencies:
      cssom: registry.npmmirror.com/cssom/0.3.8
    dev: false

  registry.npmmirror.com/data-urls/3.0.2:
    resolution: {integrity: sha512-Jy/tj3ldjZJo63sVAvg6LHt2mHvl4V6AgRAmNDtLdm7faqtsx+aJG42rsyCo9JCoRVKwPFzKlIPx3DIibwSIaQ==, registry: http://registry.npm.taobao.org/, tarball: https://registry.npmmirror.com/data-urls/-/data-urls-3.0.2.tgz}
    name: data-urls
    version: 3.0.2
    engines: {node: '>=12'}
    dependencies:
      abab: registry.npmmirror.com/abab/2.0.6
      whatwg-mimetype: registry.npmmirror.com/whatwg-mimetype/3.0.0
      whatwg-url: registry.npmmirror.com/whatwg-url/11.0.0
    dev: false

  registry.npmmirror.com/debug/4.3.4:
    resolution: {integrity: sha512-PRWFHuSU3eDtQJPvnNY7Jcket1j0t5OuOsFzPPzsekD52Zl8qUfFIPEiswXqIvHWGVHOgX+7G/vCNNhehwxfkQ==, registry: http://registry.npm.taobao.org/, tarball: https://registry.npmmirror.com/debug/-/debug-4.3.4.tgz}
    name: debug
    version: 4.3.4
    engines: {node: '>=6.0'}
    peerDependencies:
      supports-color: '*'
    peerDependenciesMeta:
      supports-color:
        optional: true
    dependencies:
      ms: registry.npmmirror.com/ms/2.1.2
    dev: false

  registry.npmmirror.com/decimal.js/10.3.1:
    resolution: {integrity: sha512-V0pfhfr8suzyPGOx3nmq4aHqabehUZn6Ch9kyFpV79TGDTWFmHqUqXdabR7QHqxzrYolF4+tVmJhUG4OURg5dQ==, registry: http://registry.npm.taobao.org/, tarball: https://registry.npmmirror.com/decimal.js/-/decimal.js-10.3.1.tgz}
    name: decimal.js
    version: 10.3.1
    dev: false

  registry.npmmirror.com/deep-is/0.1.4:
    resolution: {integrity: sha512-oIPzksmTg4/MriiaYGO+okXDT7ztn/w3Eptv/+gSIdMdKsJo0u4CfYNFJPy+4SKMuCqGw2wxnA+URMg3t8a/bQ==, registry: http://registry.npm.taobao.org/, tarball: https://registry.npmmirror.com/deep-is/-/deep-is-0.1.4.tgz}
    name: deep-is
    version: 0.1.4
    dev: false

  registry.npmmirror.com/delayed-stream/1.0.0:
    resolution: {integrity: sha512-ZySD7Nf91aLB0RxL4KGrKHBXl7Eds1DAmEdcoVawXnLD7SDhpNgtuII2aAkg7a7QS41jxPSZ17p4VdGnMHk3MQ==, registry: http://registry.npm.taobao.org/, tarball: https://registry.npmmirror.com/delayed-stream/-/delayed-stream-1.0.0.tgz}
    name: delayed-stream
    version: 1.0.0
    engines: {node: '>=0.4.0'}
    dev: false

  registry.npmmirror.com/domexception/4.0.0:
    resolution: {integrity: sha512-A2is4PLG+eeSfoTMA95/s4pvAoSo2mKtiM5jlHkAVewmiO8ISFTFKZjH7UAM1Atli/OT/7JHOrJRJiMKUZKYBw==, registry: http://registry.npm.taobao.org/, tarball: https://registry.npmmirror.com/domexception/-/domexception-4.0.0.tgz}
    name: domexception
    version: 4.0.0
    engines: {node: '>=12'}
    dependencies:
      webidl-conversions: registry.npmmirror.com/webidl-conversions/7.0.0
    dev: false

  registry.npmmirror.com/ecdsa-sig-formatter/1.0.11:
    resolution: {integrity: sha512-nagl3RYrbNv6kQkeJIpt6NJZy8twLB/2vtz6yN9Z4vRKHN4/QZJIEbqohALSgwKdnksuY3k5Addp5lg8sVoVcQ==, registry: http://registry.npm.taobao.org/, tarball: https://registry.npmmirror.com/ecdsa-sig-formatter/-/ecdsa-sig-formatter-1.0.11.tgz}
    name: ecdsa-sig-formatter
    version: 1.0.11
    dependencies:
      safe-buffer: registry.npmmirror.com/safe-buffer/5.2.1
    dev: false

  registry.npmmirror.com/entities/4.3.1:
    resolution: {integrity: sha512-o4q/dYJlmyjP2zfnaWDUC6A3BQFmVTX+tZPezK7k0GLSU9QYCauscf5Y+qcEPzKL+EixVouYDgLQK5H9GrLpkg==, registry: http://registry.npm.taobao.org/, tarball: https://registry.npmmirror.com/entities/-/entities-4.3.1.tgz}
    name: entities
    version: 4.3.1
    engines: {node: '>=0.12'}
    dev: false

  registry.npmmirror.com/escodegen/2.0.0:
    resolution: {integrity: sha512-mmHKys/C8BFUGI+MAWNcSYoORYLMdPzjrknd2Vc+bUsjN5bXcr8EhrNB+UTqfL1y3I9c4fw2ihgtMPQLBRiQxw==, registry: http://registry.npm.taobao.org/, tarball: https://registry.npmmirror.com/escodegen/-/escodegen-2.0.0.tgz}
    name: escodegen
    version: 2.0.0
    engines: {node: '>=6.0'}
    hasBin: true
    dependencies:
      esprima: registry.npmmirror.com/esprima/4.0.1
      estraverse: registry.npmmirror.com/estraverse/5.3.0
      esutils: registry.npmmirror.com/esutils/2.0.3
      optionator: registry.npmmirror.com/optionator/0.8.3
    optionalDependencies:
      source-map: registry.npmmirror.com/source-map/0.6.1
    dev: false

  registry.npmmirror.com/esprima/4.0.1:
    resolution: {integrity: sha512-eGuFFw7Upda+g4p+QHvnW0RyTX/SVeJBDM/gCtMARO0cLuT2HcEKnTPvhjV6aGeqrCB/sbNop0Kszm0jsaWU4A==, registry: http://registry.npm.taobao.org/, tarball: https://registry.npmmirror.com/esprima/-/esprima-4.0.1.tgz}
    name: esprima
    version: 4.0.1
    engines: {node: '>=4'}
    hasBin: true
    dev: false

  registry.npmmirror.com/estraverse/5.3.0:
    resolution: {integrity: sha512-MMdARuVEQziNTeJD8DgMqmhwR11BRQ/cBP+pLtYdSTnf3MIO8fFeiINEbX36ZdNlfU/7A9f3gUw49B3oQsvwBA==, registry: http://registry.npm.taobao.org/, tarball: https://registry.npmmirror.com/estraverse/-/estraverse-5.3.0.tgz}
    name: estraverse
    version: 5.3.0
    engines: {node: '>=4.0'}
    dev: false

  registry.npmmirror.com/esutils/2.0.3:
    resolution: {integrity: sha512-kVscqXk4OCp68SZ0dkgEKVi6/8ij300KBWTJq32P/dYeWTSwK41WyTxalN1eRmA5Z9UU/LX9D7FWSmV9SAYx6g==, registry: http://registry.npm.taobao.org/, tarball: https://registry.npmmirror.com/esutils/-/esutils-2.0.3.tgz}
    name: esutils
    version: 2.0.3
    engines: {node: '>=0.10.0'}
    dev: false

  registry.npmmirror.com/fast-astar/1.0.6:
    resolution: {integrity: sha512-r23aD+DIl2Y/XdhP/Z3kDyi9dJ4BID6z49gjc+lQo1fLBqi9uEkaevcX4v0bqHGxjwc7GKbt/OPRM/UwTCfiEw==, registry: http://registry.npm.taobao.org/, tarball: https://registry.npmmirror.com/fast-astar/-/fast-astar-1.0.6.tgz}
    name: fast-astar
    version: 1.0.6
    dev: false

  registry.npmmirror.com/fast-levenshtein/2.0.6:
    resolution: {integrity: sha512-DCXu6Ifhqcks7TZKY3Hxp3y6qphY5SJZmrWMDrKcERSOXWQdMhU9Ig/PYrzyw/ul9jOIyh0N4M0tbC5hodg8dw==, registry: http://registry.npm.taobao.org/, tarball: https://registry.npmmirror.com/fast-levenshtein/-/fast-levenshtein-2.0.6.tgz}
    name: fast-levenshtein
    version: 2.0.6
    dev: false

  registry.npmmirror.com/follow-redirects/1.15.1:
    resolution: {integrity: sha512-yLAMQs+k0b2m7cVxpS1VKJVvoz7SS9Td1zss3XRwXj+ZDH00RJgnuLx7E44wx02kQLrdM3aOOy+FpzS7+8OizA==, registry: http://registry.npm.taobao.org/, tarball: https://registry.npmmirror.com/follow-redirects/-/follow-redirects-1.15.1.tgz}
    name: follow-redirects
    version: 1.15.1
    engines: {node: '>=4.0'}
    peerDependencies:
      debug: '*'
    peerDependenciesMeta:
      debug:
        optional: true
    dev: false

  registry.npmmirror.com/form-data/4.0.0:
    resolution: {integrity: sha512-ETEklSGi5t0QMZuiXoA/Q6vcnxcLQP5vdugSpuAyi6SVGi2clPPp+xgEhuMaHC+zGgn31Kd235W35f7Hykkaww==, registry: http://registry.npm.taobao.org/, tarball: https://registry.npmmirror.com/form-data/-/form-data-4.0.0.tgz}
    name: form-data
    version: 4.0.0
    engines: {node: '>= 6'}
    dependencies:
      asynckit: registry.npmmirror.com/asynckit/0.4.0
      combined-stream: registry.npmmirror.com/combined-stream/1.0.8
      mime-types: registry.npmmirror.com/mime-types/2.1.35
    dev: false

  registry.npmmirror.com/html-encoding-sniffer/3.0.0:
    resolution: {integrity: sha512-oWv4T4yJ52iKrufjnyZPkrN0CH3QnrUqdB6In1g5Fe1mia8GmF36gnfNySxoZtxD5+NmYw1EElVXiBk93UeskA==, registry: http://registry.npm.taobao.org/, tarball: https://registry.npmmirror.com/html-encoding-sniffer/-/html-encoding-sniffer-3.0.0.tgz}
    name: html-encoding-sniffer
    version: 3.0.0
    engines: {node: '>=12'}
    dependencies:
      whatwg-encoding: registry.npmmirror.com/whatwg-encoding/2.0.0
    dev: false

  registry.npmmirror.com/http-proxy-agent/5.0.0:
    resolution: {integrity: sha512-n2hY8YdoRE1i7r6M0w9DIw5GgZN0G25P8zLCRQ8rjXtTU3vsNFBI/vWK/UIeE6g5MUUz6avwAPXmL6Fy9D/90w==, registry: http://registry.npm.taobao.org/, tarball: https://registry.npmmirror.com/http-proxy-agent/-/http-proxy-agent-5.0.0.tgz}
    name: http-proxy-agent
    version: 5.0.0
    engines: {node: '>= 6'}
    dependencies:
      '@tootallnate/once': registry.npmmirror.com/@tootallnate/once/2.0.0
      agent-base: registry.npmmirror.com/agent-base/6.0.2
      debug: registry.npmmirror.com/debug/4.3.4
    transitivePeerDependencies:
      - supports-color
    dev: false

  registry.npmmirror.com/https-proxy-agent/5.0.1:
    resolution: {integrity: sha512-dFcAjpTQFgoLMzC2VwU+C/CbS7uRL0lWmxDITmqm7C+7F0Odmj6s9l6alZc6AELXhrnggM2CeWSXHGOdX2YtwA==, registry: http://registry.npm.taobao.org/, tarball: https://registry.npmmirror.com/https-proxy-agent/-/https-proxy-agent-5.0.1.tgz}
    name: https-proxy-agent
    version: 5.0.1
    engines: {node: '>= 6'}
    dependencies:
      agent-base: registry.npmmirror.com/agent-base/6.0.2
      debug: registry.npmmirror.com/debug/4.3.4
    transitivePeerDependencies:
      - supports-color
    dev: false

  registry.npmmirror.com/iconv-lite/0.6.3:
    resolution: {integrity: sha512-4fCk79wshMdzMp2rH06qWrJE4iolqLhCUH+OiuIgU++RB0+94NlDL81atO7GX55uUKueo0txHNtvEyI6D7WdMw==, registry: http://registry.npm.taobao.org/, tarball: https://registry.npmmirror.com/iconv-lite/-/iconv-lite-0.6.3.tgz}
    name: iconv-lite
    version: 0.6.3
    engines: {node: '>=0.10.0'}
    dependencies:
      safer-buffer: registry.npmmirror.com/safer-buffer/2.1.2
    dev: false

  registry.npmmirror.com/is-potential-custom-element-name/1.0.1:
    resolution: {integrity: sha512-bCYeRA2rVibKZd+s2625gGnGF/t7DSqDs4dP7CrLA1m7jKWz6pps0LpYLJN8Q64HtmPKJ1hrN3nzPNKFEKOUiQ==, registry: http://registry.npm.taobao.org/, tarball: https://registry.npmmirror.com/is-potential-custom-element-name/-/is-potential-custom-element-name-1.0.1.tgz}
    name: is-potential-custom-element-name
    version: 1.0.1
    dev: false

  registry.npmmirror.com/jsdom/20.0.0:
    resolution: {integrity: sha512-x4a6CKCgx00uCmP+QakBDFXwjAJ69IkkIWHmtmjd3wvXPcdOS44hfX2vqkOQrVrq8l9DhNNADZRXaCEWvgXtVA==, registry: http://registry.npm.taobao.org/, tarball: https://registry.npmmirror.com/jsdom/-/jsdom-20.0.0.tgz}
    name: jsdom
    version: 20.0.0
    engines: {node: '>=14'}
    peerDependencies:
      canvas: ^2.5.0
    peerDependenciesMeta:
      canvas:
        optional: true
    dependencies:
      abab: registry.npmmirror.com/abab/2.0.6
      acorn: registry.npmmirror.com/acorn/8.8.0
      acorn-globals: registry.npmmirror.com/acorn-globals/6.0.0
      cssom: registry.npmmirror.com/cssom/0.5.0
      cssstyle: registry.npmmirror.com/cssstyle/2.3.0
      data-urls: registry.npmmirror.com/data-urls/3.0.2
      decimal.js: registry.npmmirror.com/decimal.js/10.3.1
      domexception: registry.npmmirror.com/domexception/4.0.0
      escodegen: registry.npmmirror.com/escodegen/2.0.0
      form-data: registry.npmmirror.com/form-data/4.0.0
      html-encoding-sniffer: registry.npmmirror.com/html-encoding-sniffer/3.0.0
      http-proxy-agent: registry.npmmirror.com/http-proxy-agent/5.0.0
      https-proxy-agent: registry.npmmirror.com/https-proxy-agent/5.0.1
      is-potential-custom-element-name: registry.npmmirror.com/is-potential-custom-element-name/1.0.1
      nwsapi: registry.npmmirror.com/nwsapi/2.2.1
      parse5: registry.npmmirror.com/parse5/7.0.0
      saxes: registry.npmmirror.com/saxes/6.0.0
      symbol-tree: registry.npmmirror.com/symbol-tree/3.2.4
      tough-cookie: registry.npmmirror.com/tough-cookie/4.0.0
      w3c-hr-time: registry.npmmirror.com/w3c-hr-time/1.0.2
      w3c-xmlserializer: registry.npmmirror.com/w3c-xmlserializer/3.0.0
      webidl-conversions: registry.npmmirror.com/webidl-conversions/7.0.0
      whatwg-encoding: registry.npmmirror.com/whatwg-encoding/2.0.0
      whatwg-mimetype: registry.npmmirror.com/whatwg-mimetype/3.0.0
      whatwg-url: registry.npmmirror.com/whatwg-url/11.0.0
      ws: registry.npmmirror.com/ws/8.8.1
      xml-name-validator: registry.npmmirror.com/xml-name-validator/4.0.0
    transitivePeerDependencies:
      - bufferutil
      - supports-color
      - utf-8-validate
    dev: false

  registry.npmmirror.com/jsonwebtoken/8.5.1:
    resolution: {integrity: sha512-XjwVfRS6jTMsqYs0EsuJ4LGxXV14zQybNd4L2r0UvbVnSF9Af8x7p5MzbJ90Ioz/9TI41/hTCvznF/loiSzn8w==, registry: http://registry.npm.taobao.org/, tarball: https://registry.npmmirror.com/jsonwebtoken/-/jsonwebtoken-8.5.1.tgz}
    name: jsonwebtoken
    version: 8.5.1
    engines: {node: '>=4', npm: '>=1.4.28'}
    dependencies:
      jws: registry.npmmirror.com/jws/3.2.2
      lodash.includes: registry.npmmirror.com/lodash.includes/4.3.0
      lodash.isboolean: registry.npmmirror.com/lodash.isboolean/3.0.3
      lodash.isinteger: registry.npmmirror.com/lodash.isinteger/4.0.4
      lodash.isnumber: registry.npmmirror.com/lodash.isnumber/3.0.3
      lodash.isplainobject: registry.npmmirror.com/lodash.isplainobject/4.0.6
      lodash.isstring: registry.npmmirror.com/lodash.isstring/4.0.1
      lodash.once: registry.npmmirror.com/lodash.once/4.1.1
      ms: registry.npmmirror.com/ms/2.1.3
      semver: registry.npmmirror.com/semver/5.7.1
    dev: false

  registry.npmmirror.com/juejin-helper/1.6.0:
    resolution: {integrity: sha512-+iX0uBFAeGwjTpILJ9F++bVBFv9IwNtgBB3H9fOKxhbWC1U4lmNvdqeC9+n6SISMln10TgrJ8eF2J9DdageD5Q==, registry: http://registry.npm.taobao.org/, tarball: https://registry.npmmirror.com/juejin-helper/-/juejin-helper-1.6.0.tgz}
    name: juejin-helper
    version: 1.6.0
    dependencies:
      axios: registry.npmmirror.com/axios/0.27.2
      jsonwebtoken: registry.npmmirror.com/jsonwebtoken/8.5.1
      uuid: registry.npmmirror.com/uuid/8.3.2
    transitivePeerDependencies:
      - debug
    dev: false

  registry.npmmirror.com/jwa/1.4.1:
    resolution: {integrity: sha512-qiLX/xhEEFKUAJ6FiBMbes3w9ATzyk5W7Hvzpa/SLYdxNtng+gcurvrI7TbACjIXlsJyr05/S1oUhZrc63evQA==, registry: http://registry.npm.taobao.org/, tarball: https://registry.npmmirror.com/jwa/-/jwa-1.4.1.tgz}
    name: jwa
    version: 1.4.1
    dependencies:
      buffer-equal-constant-time: registry.npmmirror.com/buffer-equal-constant-time/1.0.1
      ecdsa-sig-formatter: registry.npmmirror.com/ecdsa-sig-formatter/1.0.11
      safe-buffer: registry.npmmirror.com/safe-buffer/5.2.1
    dev: false

  registry.npmmirror.com/jws/3.2.2:
    resolution: {integrity: sha512-YHlZCB6lMTllWDtSPHz/ZXTsi8S00usEV6v1tjq8tOUZzw7DpSDWVXjXDre6ed1w/pd495ODpHZYSdkRTsa0HA==, registry: http://registry.npm.taobao.org/, tarball: https://registry.npmmirror.com/jws/-/jws-3.2.2.tgz}
    name: jws
    version: 3.2.2
    dependencies:
      jwa: registry.npmmirror.com/jwa/1.4.1
      safe-buffer: registry.npmmirror.com/safe-buffer/5.2.1
    dev: false

  registry.npmmirror.com/levn/0.3.0:
    resolution: {integrity: sha512-0OO4y2iOHix2W6ujICbKIaEQXvFQHue65vUG3pb5EUomzPI90z9hsA1VsO/dbIIpC53J8gxM9Q4Oho0jrCM/yA==, registry: http://registry.npm.taobao.org/, tarball: https://registry.npmmirror.com/levn/-/levn-0.3.0.tgz}
    name: levn
    version: 0.3.0
    engines: {node: '>= 0.8.0'}
    dependencies:
      prelude-ls: registry.npmmirror.com/prelude-ls/1.1.2
      type-check: registry.npmmirror.com/type-check/0.3.2
    dev: false

  registry.npmmirror.com/lodash.includes/4.3.0:
    resolution: {integrity: sha512-W3Bx6mdkRTGtlJISOvVD/lbqjTlPPUDTMnlXZFnVwi9NKJ6tiAk6LVdlhZMm17VZisqhKcgzpO5Wz91PCt5b0w==, registry: http://registry.npm.taobao.org/, tarball: https://registry.npmmirror.com/lodash.includes/-/lodash.includes-4.3.0.tgz}
    name: lodash.includes
    version: 4.3.0
    dev: false

  registry.npmmirror.com/lodash.isboolean/3.0.3:
    resolution: {integrity: sha512-Bz5mupy2SVbPHURB98VAcw+aHh4vRV5IPNhILUCsOzRmsTmSQ17jIuqopAentWoehktxGd9e/hbIXq980/1QJg==, registry: http://registry.npm.taobao.org/, tarball: https://registry.npmmirror.com/lodash.isboolean/-/lodash.isboolean-3.0.3.tgz}
    name: lodash.isboolean
    version: 3.0.3
    dev: false

  registry.npmmirror.com/lodash.isinteger/4.0.4:
    resolution: {integrity: sha512-DBwtEWN2caHQ9/imiNeEA5ys1JoRtRfY3d7V9wkqtbycnAmTvRRmbHKDV4a0EYc678/dia0jrte4tjYwVBaZUA==, registry: http://registry.npm.taobao.org/, tarball: https://registry.npmmirror.com/lodash.isinteger/-/lodash.isinteger-4.0.4.tgz}
    name: lodash.isinteger
    version: 4.0.4
    dev: false

  registry.npmmirror.com/lodash.isnumber/3.0.3:
    resolution: {integrity: sha512-QYqzpfwO3/CWf3XP+Z+tkQsfaLL/EnUlXWVkIk5FUPc4sBdTehEqZONuyRt2P67PXAk+NXmTBcc97zw9t1FQrw==, registry: http://registry.npm.taobao.org/, tarball: https://registry.npmmirror.com/lodash.isnumber/-/lodash.isnumber-3.0.3.tgz}
    name: lodash.isnumber
    version: 3.0.3
    dev: false

  registry.npmmirror.com/lodash.isplainobject/4.0.6:
    resolution: {integrity: sha512-oSXzaWypCMHkPC3NvBEaPHf0KsA5mvPrOPgQWDsbg8n7orZ290M0BmC/jgRZ4vcJ6DTAhjrsSYgdsW/F+MFOBA==, registry: http://registry.npm.taobao.org/, tarball: https://registry.npmmirror.com/lodash.isplainobject/-/lodash.isplainobject-4.0.6.tgz}
    name: lodash.isplainobject
    version: 4.0.6
    dev: false

  registry.npmmirror.com/lodash.isstring/4.0.1:
    resolution: {integrity: sha512-0wJxfxH1wgO3GrbuP+dTTk7op+6L41QCXbGINEmD+ny/G/eCqGzxyCsh7159S+mgDDcoarnBw6PC1PS5+wUGgw==, registry: http://registry.npm.taobao.org/, tarball: https://registry.npmmirror.com/lodash.isstring/-/lodash.isstring-4.0.1.tgz}
    name: lodash.isstring
    version: 4.0.1
    dev: false

  registry.npmmirror.com/lodash.once/4.1.1:
    resolution: {integrity: sha512-Sb487aTOCr9drQVL8pIxOzVhafOjZN9UU54hiN8PU3uAiSV7lx1yYNpbNmex2PK6dSJoNTSJUUswT651yww3Mg==, registry: http://registry.npm.taobao.org/, tarball: https://registry.npmmirror.com/lodash.once/-/lodash.once-4.1.1.tgz}
    name: lodash.once
    version: 4.1.1
    dev: false

  registry.npmmirror.com/mime-db/1.52.0:
    resolution: {integrity: sha512-sPU4uV7dYlvtWJxwwxHD0PuihVNiE7TyAbQ5SWxDCB9mUYvOgroQOwYQQOKPJ8CIbE+1ETVlOoK1UC2nU3gYvg==, registry: http://registry.npm.taobao.org/, tarball: https://registry.npmmirror.com/mime-db/-/mime-db-1.52.0.tgz}
    name: mime-db
    version: 1.52.0
    engines: {node: '>= 0.6'}
    dev: false

  registry.npmmirror.com/mime-types/2.1.35:
    resolution: {integrity: sha512-ZDY+bPm5zTTF+YpCrAU9nK0UgICYPT0QtT1NZWFv4s++TNkcgVaT0g6+4R2uI4MjQjzysHB1zxuWL50hzaeXiw==, registry: http://registry.npm.taobao.org/, tarball: https://registry.npmmirror.com/mime-types/-/mime-types-2.1.35.tgz}
    name: mime-types
    version: 2.1.35
    engines: {node: '>= 0.6'}
    dependencies:
      mime-db: registry.npmmirror.com/mime-db/1.52.0
    dev: false

  registry.npmmirror.com/ms/2.1.2:
    resolution: {integrity: sha512-sGkPx+VjMtmA6MX27oA4FBFELFCZZ4S4XqeGOXCv68tT+jb3vk/RyaKWP0PTKyWtmLSM0b+adUTEvbs1PEaH2w==, registry: http://registry.npm.taobao.org/, tarball: https://registry.npmmirror.com/ms/-/ms-2.1.2.tgz}
    name: ms
    version: 2.1.2
    dev: false

  registry.npmmirror.com/ms/2.1.3:
    resolution: {integrity: sha512-6FlzubTLZG3J2a/NVCAleEhjzq5oxgHyaCU9yYXvcLsvoVaHJq/s5xXI6/XXP6tz7R9xAOtHnSO/tXtF3WRTlA==, registry: http://registry.npm.taobao.org/, tarball: https://registry.npmmirror.com/ms/-/ms-2.1.3.tgz}
    name: ms
    version: 2.1.3
    dev: false

  registry.npmmirror.com/nodemailer/6.7.7:
    resolution: {integrity: sha512-pOLC/s+2I1EXuSqO5Wa34i3kXZG3gugDssH+ZNCevHad65tc8vQlCQpOLaUjopvkRQKm2Cki2aME7fEOPRy3bA==, registry: http://registry.npm.taobao.org/, tarball: https://registry.npmmirror.com/nodemailer/-/nodemailer-6.7.7.tgz}
    name: nodemailer
    version: 6.7.7
    engines: {node: '>=6.0.0'}
    dev: false

  registry.npmmirror.com/nwsapi/2.2.1:
    resolution: {integrity: sha512-JYOWTeFoS0Z93587vRJgASD5Ut11fYl5NyihP3KrYBvMe1FRRs6RN7m20SA/16GM4P6hTnZjT+UmDOt38UeXNg==, registry: http://registry.npm.taobao.org/, tarball: https://registry.npmmirror.com/nwsapi/-/nwsapi-2.2.1.tgz}
    name: nwsapi
    version: 2.2.1
    dev: false

  registry.npmmirror.com/optionator/0.8.3:
    resolution: {integrity: sha512-+IW9pACdk3XWmmTXG8m3upGUJst5XRGzxMRjXzAuJ1XnIFNvfhjjIuYkDvysnPQ7qzqVzLt78BCruntqRhWQbA==, registry: http://registry.npm.taobao.org/, tarball: https://registry.npmmirror.com/optionator/-/optionator-0.8.3.tgz}
    name: optionator
    version: 0.8.3
    engines: {node: '>= 0.8.0'}
    dependencies:
      deep-is: registry.npmmirror.com/deep-is/0.1.4
      fast-levenshtein: registry.npmmirror.com/fast-levenshtein/2.0.6
      levn: registry.npmmirror.com/levn/0.3.0
      prelude-ls: registry.npmmirror.com/prelude-ls/1.1.2
      type-check: registry.npmmirror.com/type-check/0.3.2
      word-wrap: registry.npmmirror.com/word-wrap/1.2.3
    dev: false

  registry.npmmirror.com/parse5/7.0.0:
    resolution: {integrity: sha512-y/t8IXSPWTuRZqXc0ajH/UwDj4mnqLEbSttNbThcFhGrZuOyoyvNBO85PBp2jQa55wY9d07PBNjsK8ZP3K5U6g==, registry: http://registry.npm.taobao.org/, tarball: https://registry.npmmirror.com/parse5/-/parse5-7.0.0.tgz}
    name: parse5
    version: 7.0.0
    dependencies:
      entities: registry.npmmirror.com/entities/4.3.1
    dev: false

  registry.npmmirror.com/prelude-ls/1.1.2:
    resolution: {integrity: sha512-ESF23V4SKG6lVSGZgYNpbsiaAkdab6ZgOxe52p7+Kid3W3u3bxR4Vfd/o21dmN7jSt0IwgZ4v5MUd26FEtXE9w==, registry: http://registry.npm.taobao.org/, tarball: https://registry.npmmirror.com/prelude-ls/-/prelude-ls-1.1.2.tgz}
    name: prelude-ls
    version: 1.1.2
    engines: {node: '>= 0.8.0'}
    dev: false

  registry.npmmirror.com/psl/1.9.0:
    resolution: {integrity: sha512-E/ZsdU4HLs/68gYzgGTkMicWTLPdAftJLfJFlLUAAKZGkStNU72sZjT66SnMDVOfOWY/YAoiD7Jxa9iHvngcag==, registry: http://registry.npm.taobao.org/, tarball: https://registry.npmmirror.com/psl/-/psl-1.9.0.tgz}
    name: psl
    version: 1.9.0
    dev: false

  registry.npmmirror.com/punycode/2.1.1:
    resolution: {integrity: sha512-XRsRjdf+j5ml+y/6GKHPZbrF/8p2Yga0JPtdqTIY2Xe5ohJPD9saDJJLPvp9+NSBprVvevdXZybnj2cv8OEd0A==, registry: http://registry.npm.taobao.org/, tarball: https://registry.npmmirror.com/punycode/-/punycode-2.1.1.tgz}
    name: punycode
    version: 2.1.1
    engines: {node: '>=6'}
    dev: false

  registry.npmmirror.com/safe-buffer/5.2.1:
    resolution: {integrity: sha512-rp3So07KcdmmKbGvgaNxQSJr7bGVSVk5S9Eq1F+ppbRo70+YeaDxkw5Dd8NPN+GD6bjnYm2VuPuCXmpuYvmCXQ==, registry: http://registry.npm.taobao.org/, tarball: https://registry.npmmirror.com/safe-buffer/-/safe-buffer-5.2.1.tgz}
    name: safe-buffer
    version: 5.2.1
    dev: false

  registry.npmmirror.com/safer-buffer/2.1.2:
    resolution: {integrity: sha512-YZo3K82SD7Riyi0E1EQPojLz7kpepnSQI9IyPbHHg1XXXevb5dJI7tpyN2ADxGcQbHG7vcyRHk0cbwqcQriUtg==, registry: http://registry.npm.taobao.org/, tarball: https://registry.npmmirror.com/safer-buffer/-/safer-buffer-2.1.2.tgz}
    name: safer-buffer
    version: 2.1.2
    dev: false

  registry.npmmirror.com/saxes/6.0.0:
    resolution: {integrity: sha512-xAg7SOnEhrm5zI3puOOKyy1OMcMlIJZYNJY7xLBwSze0UjhPLnWfj2GF2EpT0jmzaJKIWKHLsaSSajf35bcYnA==, registry: http://registry.npm.taobao.org/, tarball: https://registry.npmmirror.com/saxes/-/saxes-6.0.0.tgz}
    name: saxes
    version: 6.0.0
    engines: {node: '>=v12.22.7'}
    dependencies:
      xmlchars: registry.npmmirror.com/xmlchars/2.2.0
    dev: false

  registry.npmmirror.com/semver/5.7.1:
    resolution: {integrity: sha512-sauaDf/PZdVgrLTNYHRtpXa1iRiKcaebiKQ1BJdpQlWH2lCvexQdX55snPFyK7QzpudqbCI0qXFfOasHdyNDGQ==, registry: http://registry.npm.taobao.org/, tarball: https://registry.npmmirror.com/semver/-/semver-5.7.1.tgz}
    name: semver
    version: 5.7.1
    hasBin: true
    dev: false

  registry.npmmirror.com/source-map/0.6.1:
    resolution: {integrity: sha512-UjgapumWlbMhkBgzT7Ykc5YXUT46F0iKu8SGXq0bcwP5dz/h0Plj6enJqjz1Zbq2l5WaqYnrVbwWOWMyF3F47g==, registry: http://registry.npm.taobao.org/, tarball: https://registry.npmmirror.com/source-map/-/source-map-0.6.1.tgz}
    name: source-map
    version: 0.6.1
    engines: {node: '>=0.10.0'}
    requiresBuild: true
    dev: false
    optional: true

  registry.npmmirror.com/symbol-tree/3.2.4:
    resolution: {integrity: sha512-9QNk5KwDF+Bvz+PyObkmSYjI5ksVUYtjW7AU22r2NKcfLJcXp96hkDWU3+XndOsUb+AQ9QhfzfCT2O+CNWT5Tw==, registry: http://registry.npm.taobao.org/, tarball: https://registry.npmmirror.com/symbol-tree/-/symbol-tree-3.2.4.tgz}
    name: symbol-tree
    version: 3.2.4
    dev: false

  registry.npmmirror.com/tough-cookie/4.0.0:
    resolution: {integrity: sha512-tHdtEpQCMrc1YLrMaqXXcj6AxhYi/xgit6mZu1+EDWUn+qhUf8wMQoFIy9NXuq23zAwtcB0t/MjACGR18pcRbg==, registry: http://registry.npm.taobao.org/, tarball: https://registry.npmmirror.com/tough-cookie/-/tough-cookie-4.0.0.tgz}
    name: tough-cookie
    version: 4.0.0
    engines: {node: '>=6'}
    dependencies:
      psl: registry.npmmirror.com/psl/1.9.0
      punycode: registry.npmmirror.com/punycode/2.1.1
      universalify: registry.npmmirror.com/universalify/0.1.2
    dev: false

  registry.npmmirror.com/tr46/3.0.0:
    resolution: {integrity: sha512-l7FvfAHlcmulp8kr+flpQZmVwtu7nfRV7NZujtN0OqES8EL4O4e0qqzL0DC5gAvx/ZC/9lk6rhcUwYvkBnBnYA==, registry: http://registry.npm.taobao.org/, tarball: https://registry.npmmirror.com/tr46/-/tr46-3.0.0.tgz}
    name: tr46
    version: 3.0.0
    engines: {node: '>=12'}
    dependencies:
      punycode: registry.npmmirror.com/punycode/2.1.1
    dev: false

  registry.npmmirror.com/type-check/0.3.2:
    resolution: {integrity: sha512-ZCmOJdvOWDBYJlzAoFkC+Q0+bUyEOS1ltgp1MGU03fqHG+dbi9tBFU2Rd9QKiDZFAYrhPh2JUf7rZRIuHRKtOg==, registry: http://registry.npm.taobao.org/, tarball: https://registry.npmmirror.com/type-check/-/type-check-0.3.2.tgz}
    name: type-check
    version: 0.3.2
    engines: {node: '>= 0.8.0'}
    dependencies:
      prelude-ls: registry.npmmirror.com/prelude-ls/1.1.2
    dev: false

  registry.npmmirror.com/universalify/0.1.2:
    resolution: {integrity: sha512-rBJeI5CXAlmy1pV+617WB9J63U6XcazHHF2f2dbJix4XzpUF0RS3Zbj0FGIOCAva5P/d/GBOYaACQ1w+0azUkg==, registry: http://registry.npm.taobao.org/, tarball: https://registry.npmmirror.com/universalify/-/universalify-0.1.2.tgz}
    name: universalify
    version: 0.1.2
    engines: {node: '>= 4.0.0'}
    dev: false

  registry.npmmirror.com/uuid/8.3.2:
    resolution: {integrity: sha512-+NYs2QeMWy+GWFOEm9xnn6HCDp0l7QBD7ml8zLUmJ+93Q5NF0NocErnwkTkXVFNiX3/fpC6afS8Dhb/gz7R7eg==, registry: http://registry.npm.taobao.org/, tarball: https://registry.npmmirror.com/uuid/-/uuid-8.3.2.tgz}
    name: uuid
    version: 8.3.2
    hasBin: true
    dev: false

  registry.npmmirror.com/w3c-hr-time/1.0.2:
    resolution: {integrity: sha512-z8P5DvDNjKDoFIHK7q8r8lackT6l+jo/Ye3HOle7l9nICP9lf1Ci25fy9vHd0JOWewkIFzXIEig3TdKT7JQ5fQ==, registry: http://registry.npm.taobao.org/, tarball: https://registry.npmmirror.com/w3c-hr-time/-/w3c-hr-time-1.0.2.tgz}
    name: w3c-hr-time
    version: 1.0.2
    dependencies:
      browser-process-hrtime: registry.npmmirror.com/browser-process-hrtime/1.0.0
    dev: false

  registry.npmmirror.com/w3c-xmlserializer/3.0.0:
    resolution: {integrity: sha512-3WFqGEgSXIyGhOmAFtlicJNMjEps8b1MG31NCA0/vOF9+nKMUW1ckhi9cnNHmf88Rzw5V+dwIwsm2C7X8k9aQg==, registry: http://registry.npm.taobao.org/, tarball: https://registry.npmmirror.com/w3c-xmlserializer/-/w3c-xmlserializer-3.0.0.tgz}
    name: w3c-xmlserializer
    version: 3.0.0
    engines: {node: '>=12'}
    dependencies:
      xml-name-validator: registry.npmmirror.com/xml-name-validator/4.0.0
    dev: false

  registry.npmmirror.com/webidl-conversions/7.0.0:
    resolution: {integrity: sha512-VwddBukDzu71offAQR975unBIGqfKZpM+8ZX6ySk8nYhVoo5CYaZyzt3YBvYtRtO+aoGlqxPg/B87NGVZ/fu6g==, registry: http://registry.npm.taobao.org/, tarball: https://registry.npmmirror.com/webidl-conversions/-/webidl-conversions-7.0.0.tgz}
    name: webidl-conversions
    version: 7.0.0
    engines: {node: '>=12'}
    dev: false

  registry.npmmirror.com/whatwg-encoding/2.0.0:
    resolution: {integrity: sha512-p41ogyeMUrw3jWclHWTQg1k05DSVXPLcVxRTYsXUk+ZooOCZLcoYgPZ/HL/D/N+uQPOtcp1me1WhBEaX02mhWg==, registry: http://registry.npm.taobao.org/, tarball: https://registry.npmmirror.com/whatwg-encoding/-/whatwg-encoding-2.0.0.tgz}
    name: whatwg-encoding
    version: 2.0.0
    engines: {node: '>=12'}
    dependencies:
      iconv-lite: registry.npmmirror.com/iconv-lite/0.6.3
    dev: false

  registry.npmmirror.com/whatwg-mimetype/3.0.0:
    resolution: {integrity: sha512-nt+N2dzIutVRxARx1nghPKGv1xHikU7HKdfafKkLNLindmPU/ch3U31NOCGGA/dmPcmb1VlofO0vnKAcsm0o/Q==, registry: http://registry.npm.taobao.org/, tarball: https://registry.npmmirror.com/whatwg-mimetype/-/whatwg-mimetype-3.0.0.tgz}
    name: whatwg-mimetype
    version: 3.0.0
    engines: {node: '>=12'}
    dev: false

  registry.npmmirror.com/whatwg-url/11.0.0:
    resolution: {integrity: sha512-RKT8HExMpoYx4igMiVMY83lN6UeITKJlBQ+vR/8ZJ8OCdSiN3RwCq+9gH0+Xzj0+5IrM6i4j/6LuvzbZIQgEcQ==, registry: http://registry.npm.taobao.org/, tarball: https://registry.npmmirror.com/whatwg-url/-/whatwg-url-11.0.0.tgz}
    name: whatwg-url
    version: 11.0.0
    engines: {node: '>=12'}
    dependencies:
      tr46: registry.npmmirror.com/tr46/3.0.0
      webidl-conversions: registry.npmmirror.com/webidl-conversions/7.0.0
    dev: false

  registry.npmmirror.com/word-wrap/1.2.3:
    resolution: {integrity: sha512-Hz/mrNwitNRh/HUAtM/VT/5VH+ygD6DV7mYKZAtHOrbs8U7lvPS6xf7EJKMF0uW1KJCl0H701g3ZGus+muE5vQ==, registry: http://registry.npm.taobao.org/, tarball: https://registry.npmmirror.com/word-wrap/-/word-wrap-1.2.3.tgz}
    name: word-wrap
    version: 1.2.3
    engines: {node: '>=0.10.0'}
    dev: false

  registry.npmmirror.com/ws/8.8.1:
    resolution: {integrity: sha512-bGy2JzvzkPowEJV++hF07hAD6niYSr0JzBNo/J29WsB57A2r7Wlc1UFcTR9IzrPvuNVO4B8LGqF8qcpsVOhJCA==, registry: http://registry.npm.taobao.org/, tarball: https://registry.npmmirror.com/ws/-/ws-8.8.1.tgz}
    name: ws
    version: 8.8.1
    engines: {node: '>=10.0.0'}
    peerDependencies:
      bufferutil: ^4.0.1
      utf-8-validate: ^5.0.2
    peerDependenciesMeta:
      bufferutil:
        optional: true
      utf-8-validate:
        optional: true
    dev: false

  registry.npmmirror.com/xml-name-validator/4.0.0:
    resolution: {integrity: sha512-ICP2e+jsHvAj2E2lIHxa5tjXRlKDJo4IdvPvCXbXQGdzSfmSpNVyIKMvoZHjDY9DP0zV17iI85o90vRFXNccRw==, registry: http://registry.npm.taobao.org/, tarball: https://registry.npmmirror.com/xml-name-validator/-/xml-name-validator-4.0.0.tgz}
    name: xml-name-validator
    version: 4.0.0
    engines: {node: '>=12'}
    dev: false

  registry.npmmirror.com/xmlchars/2.2.0:
    resolution: {integrity: sha512-JZnDKK8B0RCDw84FNdDAIpZK+JuJw+s7Lz8nksI7SIuU3UXJJslUthsi+uWBUYOwPFwW7W7PRLRfUKpxjtjFCw==, registry: http://registry.npm.taobao.org/, tarball: https://registry.npmmirror.com/xmlchars/-/xmlchars-2.2.0.tgz}
    name: xmlchars
    version: 2.2.0
    dev: false
